
Microsoft Visual Studio Solution File, Format Version 12.00
# Visual Studio Version 17
VisualStudioVersion = 17.10.34928.147
MinimumVisualStudioVersion = 10.0.40219.1
Project("{9A19103F-16F7-4668-BE54-9A1E7A4F7556}") = "BookRentalManagementSystem_V2", "BookRentalManagementSystem_V2.csproj", "{FA27D9F2-88AC-4E22-B39D-A1B4CEB8C290}"
EndProject
Global
	GlobalSection(SolutionConfigurationPlatforms) = preSolution
		Debug|Any CPU = Debug|Any CPU
		Release|Any CPU = Release|Any CPU
	EndGlobalSection
	GlobalSection(ProjectConfigurationPlatforms) = postSolution
		{FA27D9F2-88AC-4E22-B39D-A1B4CEB8C290}.Debug|Any CPU.ActiveCfg = Debug|Any CPU
		{FA27D9F2-88AC-4E22-B39D-A1B4CEB8C290}.Debug|Any CPU.Build.0 = Debug|Any CPU
		{FA27D9F2-88AC-4E22-B39D-A1B4CEB8C290}.Release|Any CPU.ActiveCfg = Release|Any CPU
		{FA27D9F2-88AC-4E22-B39D-A1B4CEB8C290}.Release|Any CPU.Build.0 = Release|Any CPU
	EndGlobalSection
	GlobalSection(SolutionProperties) = preSolution
		HideSolutionNode = FALSE
	EndGlobalSection
	GlobalSection(ExtensibilityGlobals) = postSolution
		SolutionGuid = {26DE3249-DE89-4294-9BAF-51AAECA04472}
	EndGlobalSection
EndGlobal
